
Microsoft Visual Studio Solution File, Format Version 12.00
# Visual Studio 15
VisualStudioVersion = 15.0.26124.0
MinimumVisualStudioVersion = 15.0.26124.0
Project("{FAE04EC0-301F-11D3-BF4B-00C04F79EFBC}") = "Domain", "Domain\Domain.csproj", "{1395910B-2116-42F2-B963-1049D8F0E1B9}"
EndProject
Project("{FAE04EC0-301F-11D3-BF4B-00C04F79EFBC}") = "Application", "Application\Application.csproj", "{3D83D3A2-93A1-4179-A498-0BE57B42BE20}"
EndProject
Project("{FAE04EC0-301F-11D3-BF4B-00C04F79EFBC}") = "Persistence", "Persistence\Persistence.csproj", "{F52CA33F-EE50-4F37-AAE2-48E444A949B1}"
EndProject
Project("{FAE04EC0-301F-11D3-BF4B-00C04F79EFBC}") = "API", "API\API.csproj", "{450E1D49-639C-44CD-A4F4-E88693635A66}"
EndProject
Project("{FAE04EC0-301F-11D3-BF4B-00C04F79EFBC}") = "Infrastructure", "Infrastructure\Infrastructure.csproj", "{594F4C0C-C0B8-426E-B77C-401521E3DF1A}"
EndProject
Global
	GlobalSection(SolutionConfigurationPlatforms) = preSolution
		Debug|Any CPU = Debug|Any CPU
		Debug|x64 = Debug|x64
		Debug|x86 = Debug|x86
		Release|Any CPU = Release|Any CPU
		Release|x64 = Release|x64
		Release|x86 = Release|x86
	EndGlobalSection
	GlobalSection(SolutionProperties) = preSolution
		HideSolutionNode = FALSE
	EndGlobalSection
	GlobalSection(ProjectConfigurationPlatforms) = postSolution
		{1395910B-2116-42F2-B963-1049D8F0E1B9}.Debug|Any CPU.ActiveCfg = Debug|Any CPU
		{1395910B-2116-42F2-B963-1049D8F0E1B9}.Debug|Any CPU.Build.0 = Debug|Any CPU
		{1395910B-2116-42F2-B963-1049D8F0E1B9}.Debug|x64.ActiveCfg = Debug|Any CPU
		{1395910B-2116-42F2-B963-1049D8F0E1B9}.Debug|x64.Build.0 = Debug|Any CPU
		{1395910B-2116-42F2-B963-1049D8F0E1B9}.Debug|x86.ActiveCfg = Debug|Any CPU
		{1395910B-2116-42F2-B963-1049D8F0E1B9}.Debug|x86.Build.0 = Debug|Any CPU
		{1395910B-2116-42F2-B963-1049D8F0E1B9}.Release|Any CPU.ActiveCfg = Release|Any CPU
		{1395910B-2116-42F2-B963-1049D8F0E1B9}.Release|Any CPU.Build.0 = Release|Any CPU
		{1395910B-2116-42F2-B963-1049D8F0E1B9}.Release|x64.ActiveCfg = Release|Any CPU
		{1395910B-2116-42F2-B963-1049D8F0E1B9}.Release|x64.Build.0 = Release|Any CPU
		{1395910B-2116-42F2-B963-1049D8F0E1B9}.Release|x86.ActiveCfg = Release|Any CPU
		{1395910B-2116-42F2-B963-1049D8F0E1B9}.Release|x86.Build.0 = Release|Any CPU
		{3D83D3A2-93A1-4179-A498-0BE57B42BE20}.Debug|Any CPU.ActiveCfg = Debug|Any CPU
		{3D83D3A2-93A1-4179-A498-0BE57B42BE20}.Debug|Any CPU.Build.0 = Debug|Any CPU
		{3D83D3A2-93A1-4179-A498-0BE57B42BE20}.Debug|x64.ActiveCfg = Debug|Any CPU
		{3D83D3A2-93A1-4179-A498-0BE57B42BE20}.Debug|x64.Build.0 = Debug|Any CPU
		{3D83D3A2-93A1-4179-A498-0BE57B42BE20}.Debug|x86.ActiveCfg = Debug|Any CPU
		{3D83D3A2-93A1-4179-A498-0BE57B42BE20}.Debug|x86.Build.0 = Debug|Any CPU
		{3D83D3A2-93A1-4179-A498-0BE57B42BE20}.Release|Any CPU.ActiveCfg = Release|Any CPU
		{3D83D3A2-93A1-4179-A498-0BE57B42BE20}.Release|Any CPU.Build.0 = Release|Any CPU
		{3D83D3A2-93A1-4179-A498-0BE57B42BE20}.Release|x64.ActiveCfg = Release|Any CPU
		{3D83D3A2-93A1-4179-A498-0BE57B42BE20}.Release|x64.Build.0 = Release|Any CPU
		{3D83D3A2-93A1-4179-A498-0BE57B42BE20}.Release|x86.ActiveCfg = Release|Any CPU
		{3D83D3A2-93A1-4179-A498-0BE57B42BE20}.Release|x86.Build.0 = Release|Any CPU
		{F52CA33F-EE50-4F37-AAE2-48E444A949B1}.Debug|Any CPU.ActiveCfg = Debug|Any CPU
		{F52CA33F-EE50-4F37-AAE2-48E444A949B1}.Debug|Any CPU.Build.0 = Debug|Any CPU
		{F52CA33F-EE50-4F37-AAE2-48E444A949B1}.Debug|x64.ActiveCfg = Debug|Any CPU
		{F52CA33F-EE50-4F37-AAE2-48E444A949B1}.Debug|x64.Build.0 = Debug|Any CPU
		{F52CA33F-EE50-4F37-AAE2-48E444A949B1}.Debug|x86.ActiveCfg = Debug|Any CPU
		{F52CA33F-EE50-4F37-AAE2-48E444A949B1}.Debug|x86.Build.0 = Debug|Any CPU
		{F52CA33F-EE50-4F37-AAE2-48E444A949B1}.Release|Any CPU.ActiveCfg = Release|Any CPU
		{F52CA33F-EE50-4F37-AAE2-48E444A949B1}.Release|Any CPU.Build.0 = Release|Any CPU
		{F52CA33F-EE50-4F37-AAE2-48E444A949B1}.Release|x64.ActiveCfg = Release|Any CPU
		{F52CA33F-EE50-4F37-AAE2-48E444A949B1}.Release|x64.Build.0 = Release|Any CPU
		{F52CA33F-EE50-4F37-AAE2-48E444A949B1}.Release|x86.ActiveCfg = Release|Any CPU
		{F52CA33F-EE50-4F37-AAE2-48E444A949B1}.Release|x86.Build.0 = Release|Any CPU
		{450E1D49-639C-44CD-A4F4-E88693635A66}.Debug|Any CPU.ActiveCfg = Debug|Any CPU
		{450E1D49-639C-44CD-A4F4-E88693635A66}.Debug|Any CPU.Build.0 = Debug|Any CPU
		{450E1D49-639C-44CD-A4F4-E88693635A66}.Debug|x64.ActiveCfg = Debug|Any CPU
		{450E1D49-639C-44CD-A4F4-E88693635A66}.Debug|x64.Build.0 = Debug|Any CPU
		{450E1D49-639C-44CD-A4F4-E88693635A66}.Debug|x86.ActiveCfg = Debug|Any CPU
		{450E1D49-639C-44CD-A4F4-E88693635A66}.Debug|x86.Build.0 = Debug|Any CPU
		{450E1D49-639C-44CD-A4F4-E88693635A66}.Release|Any CPU.ActiveCfg = Release|Any CPU
		{450E1D49-639C-44CD-A4F4-E88693635A66}.Release|Any CPU.Build.0 = Release|Any CPU
		{450E1D49-639C-44CD-A4F4-E88693635A66}.Release|x64.ActiveCfg = Release|Any CPU
		{450E1D49-639C-44CD-A4F4-E88693635A66}.Release|x64.Build.0 = Release|Any CPU
		{450E1D49-639C-44CD-A4F4-E88693635A66}.Release|x86.ActiveCfg = Release|Any CPU
		{450E1D49-639C-44CD-A4F4-E88693635A66}.Release|x86.Build.0 = Release|Any CPU
		{594F4C0C-C0B8-426E-B77C-401521E3DF1A}.Debug|Any CPU.ActiveCfg = Debug|Any CPU
		{594F4C0C-C0B8-426E-B77C-401521E3DF1A}.Debug|Any CPU.Build.0 = Debug|Any CPU
		{594F4C0C-C0B8-426E-B77C-401521E3DF1A}.Debug|x64.ActiveCfg = Debug|Any CPU
		{594F4C0C-C0B8-426E-B77C-401521E3DF1A}.Debug|x64.Build.0 = Debug|Any CPU
		{594F4C0C-C0B8-426E-B77C-401521E3DF1A}.Debug|x86.ActiveCfg = Debug|Any CPU
		{594F4C0C-C0B8-426E-B77C-401521E3DF1A}.Debug|x86.Build.0 = Debug|Any CPU
		{594F4C0C-C0B8-426E-B77C-401521E3DF1A}.Release|Any CPU.ActiveCfg = Release|Any CPU
		{594F4C0C-C0B8-426E-B77C-401521E3DF1A}.Release|Any CPU.Build.0 = Release|Any CPU
		{594F4C0C-C0B8-426E-B77C-401521E3DF1A}.Release|x64.ActiveCfg = Release|Any CPU
		{594F4C0C-C0B8-426E-B77C-401521E3DF1A}.Release|x64.Build.0 = Release|Any CPU
		{594F4C0C-C0B8-426E-B77C-401521E3DF1A}.Release|x86.ActiveCfg = Release|Any CPU
		{594F4C0C-C0B8-426E-B77C-401521E3DF1A}.Release|x86.Build.0 = Release|Any CPU
	EndGlobalSection
EndGlobal
